// !$*UTF8*$!
{
	archiveVersion = 1;
	classes = {
	};
	objectVersion = 48;
	objects = {

/* Begin PBXBuildFile section */
		B5F001652016201A005E3D9E /* AppDelegate.swift in Sources */ = {isa = PBXBuildFile; fileRef = B5F001642016201A005E3D9E /* AppDelegate.swift */; };
		B5F001672016201A005E3D9E /* Assets.xcassets in Resources */ = {isa = PBXBuildFile; fileRef = B5F001662016201A005E3D9E /* Assets.xcassets */; };
		B5F0016A2016201A005E3D9E /* MainMenu.xib in Resources */ = {isa = PBXBuildFile; fileRef = B5F001682016201A005E3D9E /* MainMenu.xib */; };
		B5F001762016201A005E3D9E /* Twitch_MenuTests.swift in Sources */ = {isa = PBXBuildFile; fileRef = B5F001752016201A005E3D9E /* Twitch_MenuTests.swift */; };
		B5F00182201620FF005E3D9E /* TwitchMenuController.swift in Sources */ = {isa = PBXBuildFile; fileRef = B5F00181201620FF005E3D9E /* TwitchMenuController.swift */; };
		B5F0018420162B77005E3D9E /* MenuController.swift in Sources */ = {isa = PBXBuildFile; fileRef = B5F0018320162B77005E3D9E /* MenuController.swift */; };
/* End PBXBuildFile section */

/* Begin PBXContainerItemProxy section */
		B5F001722016201A005E3D9E /* PBXContainerItemProxy */ = {
			isa = PBXContainerItemProxy;
			containerPortal = B5F001592016201A005E3D9E /* Project object */;
			proxyType = 1;
			remoteGlobalIDString = B5F001602016201A005E3D9E;
			remoteInfo = "Twitch Menu";
		};
/* End PBXContainerItemProxy section */

/* Begin PBXFileReference section */
		B5F001612016201A005E3D9E /* Twitch Menu.app */ = {isa = PBXFileReference; explicitFileType = wrapper.application; includeInIndex = 0; path = "Twitch Menu.app"; sourceTree = BUILT_PRODUCTS_DIR; };
		B5F001642016201A005E3D9E /* AppDelegate.swift */ = {isa = PBXFileReference; lastKnownFileType = sourcecode.swift; path = AppDelegate.swift; sourceTree = "<group>"; };
		B5F001662016201A005E3D9E /* Assets.xcassets */ = {isa = PBXFileReference; lastKnownFileType = folder.assetcatalog; path = Assets.xcassets; sourceTree = "<group>"; };
		B5F001692016201A005E3D9E /* Base */ = {isa = PBXFileReference; lastKnownFileType = file.xib; name = Base; path = Base.lproj/MainMenu.xib; sourceTree = "<group>"; };
		B5F0016B2016201A005E3D9E /* Info.plist */ = {isa = PBXFileReference; lastKnownFileType = text.plist.xml; path = Info.plist; sourceTree = "<group>"; };
		B5F0016C2016201A005E3D9E /* Twitch_Menu.entitlements */ = {isa = PBXFileReference; lastKnownFileType = text.plist.entitlements; path = Twitch_Menu.entitlements; sourceTree = "<group>"; };
		B5F001712016201A005E3D9E /* Twitch MenuTests.xctest */ = {isa = PBXFileReference; explicitFileType = wrapper.cfbundle; includeInIndex = 0; path = "Twitch MenuTests.xctest"; sourceTree = BUILT_PRODUCTS_DIR; };
		B5F001752016201A005E3D9E /* Twitch_MenuTests.swift */ = {isa = PBXFileReference; lastKnownFileType = sourcecode.swift; path = Twitch_MenuTests.swift; sourceTree = "<group>"; };
		B5F001772016201B005E3D9E /* Info.plist */ = {isa = PBXFileReference; lastKnownFileType = text.plist.xml; path = Info.plist; sourceTree = "<group>"; };
		B5F00181201620FF005E3D9E /* TwitchMenuController.swift */ = {isa = PBXFileReference; lastKnownFileType = sourcecode.swift; path = TwitchMenuController.swift; sourceTree = "<group>"; };
		B5F0018320162B77005E3D9E /* MenuController.swift */ = {isa = PBXFileReference; lastKnownFileType = sourcecode.swift; path = MenuController.swift; sourceTree = "<group>"; };
/* End PBXFileReference section */

/* Begin PBXFrameworksBuildPhase section */
		B5F0015E2016201A005E3D9E /* Frameworks */ = {
			isa = PBXFrameworksBuildPhase;
			buildActionMask = 2147483647;
			files = (
			);
			runOnlyForDeploymentPostprocessing = 0;
		};
		B5F0016E2016201A005E3D9E /* Frameworks */ = {
			isa = PBXFrameworksBuildPhase;
			buildActionMask = 2147483647;
			files = (
			);
			runOnlyForDeploymentPostprocessing = 0;
		};
/* End PBXFrameworksBuildPhase section */

/* Begin PBXGroup section */
		B5F001582016201A005E3D9E = {
			isa = PBXGroup;
			children = (
				B5F001632016201A005E3D9E /* Twitch Menu */,
				B5F001742016201A005E3D9E /* Twitch MenuTests */,
				B5F001622016201A005E3D9E /* Products */,
			);
			sourceTree = "<group>";
		};
		B5F001622016201A005E3D9E /* Products */ = {
			isa = PBXGroup;
			children = (
				B5F001612016201A005E3D9E /* Twitch Menu.app */,
				B5F001712016201A005E3D9E /* Twitch MenuTests.xctest */,
			);
			name = Products;
			sourceTree = "<group>";
		};
		B5F001632016201A005E3D9E /* Twitch Menu */ = {
			isa = PBXGroup;
			children = (
				B5F00180201620F0005E3D9E /* Menus */,
				B5F001642016201A005E3D9E /* AppDelegate.swift */,
				B5F001662016201A005E3D9E /* Assets.xcassets */,
				B5F001682016201A005E3D9E /* MainMenu.xib */,
				B5F0016B2016201A005E3D9E /* Info.plist */,
				B5F0016C2016201A005E3D9E /* Twitch_Menu.entitlements */,
			);
			path = "Twitch Menu";
			sourceTree = "<group>";
		};
		B5F001742016201A005E3D9E /* Twitch MenuTests */ = {
			isa = PBXGroup;
			children = (
				B5F001752016201A005E3D9E /* Twitch_MenuTests.swift */,
				B5F001772016201B005E3D9E /* Info.plist */,
			);
			path = "Twitch MenuTests";
			sourceTree = "<group>";
		};
		B5F00180201620F0005E3D9E /* Menus */ = {
			isa = PBXGroup;
			children = (
				B5F00181201620FF005E3D9E /* TwitchMenuController.swift */,
				B5F0018320162B77005E3D9E /* MenuController.swift */,
			);
			path = Menus;
			sourceTree = "<group>";
		};
/* End PBXGroup section */

/* Begin PBXNativeTarget section */
		B5F001602016201A005E3D9E /* Twitch Menu */ = {
			isa = PBXNativeTarget;
			buildConfigurationList = B5F0017A2016201B005E3D9E /* Build configuration list for PBXNativeTarget "Twitch Menu" */;
			buildPhases = (
				B5F0015D2016201A005E3D9E /* Sources */,
				B5F0015E2016201A005E3D9E /* Frameworks */,
				B5F0015F2016201A005E3D9E /* Resources */,
			);
			buildRules = (
			);
			dependencies = (
			);
			name = "Twitch Menu";
			productName = "Twitch Menu";
			productReference = B5F001612016201A005E3D9E /* Twitch Menu.app */;
			productType = "com.apple.product-type.application";
		};
		B5F001702016201A005E3D9E /* Twitch MenuTests */ = {
			isa = PBXNativeTarget;
			buildConfigurationList = B5F0017D2016201B005E3D9E /* Build configuration list for PBXNativeTarget "Twitch MenuTests" */;
			buildPhases = (
				B5F0016D2016201A005E3D9E /* Sources */,
				B5F0016E2016201A005E3D9E /* Frameworks */,
				B5F0016F2016201A005E3D9E /* Resources */,
			);
			buildRules = (
			);
			dependencies = (
				B5F001732016201A005E3D9E /* PBXTargetDependency */,
			);
			name = "Twitch MenuTests";
			productName = "Twitch MenuTests";
			productReference = B5F001712016201A005E3D9E /* Twitch MenuTests.xctest */;
			productType = "com.apple.product-type.bundle.unit-test";
		};
/* End PBXNativeTarget section */

/* Begin PBXProject section */
		B5F001592016201A005E3D9E /* Project object */ = {
			isa = PBXProject;
			attributes = {
				LastSwiftUpdateCheck = 0920;
				LastUpgradeCheck = 0920;
				ORGANIZATIONNAME = "Danger Cove";
				TargetAttributes = {
					B5F001602016201A005E3D9E = {
						CreatedOnToolsVersion = 9.2;
						ProvisioningStyle = Manual;
					};
					B5F001702016201A005E3D9E = {
						CreatedOnToolsVersion = 9.2;
						ProvisioningStyle = Automatic;
						TestTargetID = B5F001602016201A005E3D9E;
					};
				};
			};
			buildConfigurationList = B5F0015C2016201A005E3D9E /* Build configuration list for PBXProject "Twitch Menu" */;
			compatibilityVersion = "Xcode 8.0";
			developmentRegion = en;
			hasScannedForEncodings = 0;
			knownRegions = (
				en,
				Base,
			);
			mainGroup = B5F001582016201A005E3D9E;
			productRefGroup = B5F001622016201A005E3D9E /* Products */;
			projectDirPath = "";
			projectRoot = "";
			targets = (
				B5F001602016201A005E3D9E /* Twitch Menu */,
				B5F001702016201A005E3D9E /* Twitch MenuTests */,
			);
		};
/* End PBXProject section */

/* Begin PBXResourcesBuildPhase section */
		B5F0015F2016201A005E3D9E /* Resources */ = {
			isa = PBXResourcesBuildPhase;
			buildActionMask = 2147483647;
			files = (
				B5F001672016201A005E3D9E /* Assets.xcassets in Resources */,
				B5F0016A2016201A005E3D9E /* MainMenu.xib in Resources */,
			);
			runOnlyForDeploymentPostprocessing = 0;
		};
		B5F0016F2016201A005E3D9E /* Resources */ = {
			isa = PBXResourcesBuildPhase;
			buildActionMask = 2147483647;
			files = (
			);
			runOnlyForDeploymentPostprocessing = 0;
		};
/* End PBXResourcesBuildPhase section */

/* Begin PBXSourcesBuildPhase section */
		B5F0015D2016201A005E3D9E /* Sources */ = {
			isa = PBXSourcesBuildPhase;
			buildActionMask = 2147483647;
			files = (
				B5F001652016201A005E3D9E /* AppDelegate.swift in Sources */,
				B5F0018420162B77005E3D9E /* MenuController.swift in Sources */,
				B5F00182201620FF005E3D9E /* TwitchMenuController.swift in Sources */,
			);
			runOnlyForDeploymentPostprocessing = 0;
		};
		B5F0016D2016201A005E3D9E /* Sources */ = {
			isa = PBXSourcesBuildPhase;
			buildActionMask = 2147483647;
			files = (
				B5F001762016201A005E3D9E /* Twitch_MenuTests.swift in Sources */,
			);
			runOnlyForDeploymentPostprocessing = 0;
		};
/* End PBXSourcesBuildPhase section */

/* Begin PBXTargetDependency section */
		B5F001732016201A005E3D9E /* PBXTargetDependency */ = {
			isa = PBXTargetDependency;
			target = B5F001602016201A005E3D9E /* Twitch Menu */;
			targetProxy = B5F001722016201A005E3D9E /* PBXContainerItemProxy */;
		};
/* End PBXTargetDependency section */

/* Begin PBXVariantGroup section */
		B5F001682016201A005E3D9E /* MainMenu.xib */ = {
			isa = PBXVariantGroup;
			children = (
				B5F001692016201A005E3D9E /* Base */,
			);
			name = MainMenu.xib;
			sourceTree = "<group>";
		};
/* End PBXVariantGroup section */

/* Begin XCBuildConfiguration section */
		B5F001782016201B005E3D9E /* Debug */ = {
			isa = XCBuildConfiguration;
			buildSettings = {
				ALWAYS_SEARCH_USER_PATHS = NO;
				CLANG_ANALYZER_NONNULL = YES;
				CLANG_ANALYZER_NUMBER_OBJECT_CONVERSION = YES_AGGRESSIVE;
				CLANG_CXX_LANGUAGE_STANDARD = "gnu++14";
				CLANG_CXX_LIBRARY = "libc++";
				CLANG_ENABLE_MODULES = YES;
				CLANG_ENABLE_OBJC_ARC = YES;
				CLANG_WARN_BLOCK_CAPTURE_AUTORELEASING = YES;
				CLANG_WARN_BOOL_CONVERSION = YES;
				CLANG_WARN_COMMA = YES;
				CLANG_WARN_CONSTANT_CONVERSION = YES;
				CLANG_WARN_DIRECT_OBJC_ISA_USAGE = YES_ERROR;
				CLANG_WARN_DOCUMENTATION_COMMENTS = YES;
				CLANG_WARN_EMPTY_BODY = YES;
				CLANG_WARN_ENUM_CONVERSION = YES;
				CLANG_WARN_INFINITE_RECURSION = YES;
				CLANG_WARN_INT_CONVERSION = YES;
				CLANG_WARN_NON_LITERAL_NULL_CONVERSION = YES;
				CLANG_WARN_OBJC_LITERAL_CONVERSION = YES;
				CLANG_WARN_OBJC_ROOT_CLASS = YES_ERROR;
				CLANG_WARN_RANGE_LOOP_ANALYSIS = YES;
				CLANG_WARN_STRICT_PROTOTYPES = YES;
				CLANG_WARN_SUSPICIOUS_MOVE = YES;
				CLANG_WARN_UNGUARDED_AVAILABILITY = YES_AGGRESSIVE;
				CLANG_WARN_UNREACHABLE_CODE = YES;
				CLANG_WARN__DUPLICATE_METHOD_MATCH = YES;
				CODE_SIGN_IDENTITY = "Mac Developer";
				COPY_PHASE_STRIP = NO;
				DEBUG_INFORMATION_FORMAT = dwarf;
				ENABLE_STRICT_OBJC_MSGSEND = YES;
				ENABLE_TESTABILITY = YES;
				GCC_C_LANGUAGE_STANDARD = gnu11;
				GCC_DYNAMIC_NO_PIC = NO;
				GCC_NO_COMMON_BLOCKS = YES;
				GCC_OPTIMIZATION_LEVEL = 0;
				GCC_PREPROCESSOR_DEFINITIONS = (
					"DEBUG=1",
					"$(inherited)",
				);
				GCC_WARN_64_TO_32_BIT_CONVERSION = YES;
				GCC_WARN_ABOUT_RETURN_TYPE = YES_ERROR;
				GCC_WARN_UNDECLARED_SELECTOR = YES;
				GCC_WARN_UNINITIALIZED_AUTOS = YES_AGGRESSIVE;
				GCC_WARN_UNUSED_FUNCTION = YES;
				GCC_WARN_UNUSED_VARIABLE = YES;
				MACOSX_DEPLOYMENT_TARGET = 10.13;
				MTL_ENABLE_DEBUG_INFO = YES;
				ONLY_ACTIVE_ARCH = YES;
				SDKROOT = macosx;
				SWIFT_ACTIVE_COMPILATION_CONDITIONS = DEBUG;
				SWIFT_OPTIMIZATION_LEVEL = "-Onone";
			};
			name = Debug;
		};
		B5F001792016201B005E3D9E /* Release */ = {
			isa = XCBuildConfiguration;
			buildSettings = {
				ALWAYS_SEARCH_USER_PATHS = NO;
				CLANG_ANALYZER_NONNULL = YES;
				CLANG_ANALYZER_NUMBER_OBJECT_CONVERSION = YES_AGGRESSIVE;
				CLANG_CXX_LANGUAGE_STANDARD = "gnu++14";
				CLANG_CXX_LIBRARY = "libc++";
				CLANG_ENABLE_MODULES = YES;
				CLANG_ENABLE_OBJC_ARC = YES;
				CLANG_WARN_BLOCK_CAPTURE_AUTORELEASING = YES;
				CLANG_WARN_BOOL_CONVERSION = YES;
				CLANG_WARN_COMMA = YES;
				CLANG_WARN_CONSTANT_CONVERSION = YES;
				CLANG_WARN_DIRECT_OBJC_ISA_USAGE = YES_ERROR;
				CLANG_WARN_DOCUMENTATION_COMMENTS = YES;
				CLANG_WARN_EMPTY_BODY = YES;
				CLANG_WARN_ENUM_CONVERSION = YES;
				CLANG_WARN_INFINITE_RECURSION = YES;
				CLANG_WARN_INT_CONVERSION = YES;
				CLANG_WARN_NON_LITERAL_NULL_CONVERSION = YES;
				CLANG_WARN_OBJC_LITERAL_CONVERSION = YES;
				CLANG_WARN_OBJC_ROOT_CLASS = YES_ERROR;
				CLANG_WARN_RANGE_LOOP_ANALYSIS = YES;
				CLANG_WARN_STRICT_PROTOTYPES = YES;
				CLANG_WARN_SUSPICIOUS_MOVE = YES;
				CLANG_WARN_UNGUARDED_AVAILABILITY = YES_AGGRESSIVE;
				CLANG_WARN_UNREACHABLE_CODE = YES;
				CLANG_WARN__DUPLICATE_METHOD_MATCH = YES;
				CODE_SIGN_IDENTITY = "Mac Developer";
				COPY_PHASE_STRIP = NO;
				DEBUG_INFORMATION_FORMAT = "dwarf-with-dsym";
				ENABLE_NS_ASSERTIONS = NO;
				ENABLE_STRICT_OBJC_MSGSEND = YES;
				GCC_C_LANGUAGE_STANDARD = gnu11;
				GCC_NO_COMMON_BLOCKS = YES;
				GCC_WARN_64_TO_32_BIT_CONVERSION = YES;
				GCC_WARN_ABOUT_RETURN_TYPE = YES_ERROR;
				GCC_WARN_UNDECLARED_SELECTOR = YES;
				GCC_WARN_UNINITIALIZED_AUTOS = YES_AGGRESSIVE;
				GCC_WARN_UNUSED_FUNCTION = YES;
				GCC_WARN_UNUSED_VARIABLE = YES;
				MACOSX_DEPLOYMENT_TARGET = 10.13;
				MTL_ENABLE_DEBUG_INFO = NO;
				SDKROOT = macosx;
				SWIFT_OPTIMIZATION_LEVEL = "-Owholemodule";
			};
			name = Release;
		};
		B5F0017B2016201B005E3D9E /* Debug */ = {
			isa = XCBuildConfiguration;
			buildSettings = {
				ASSETCATALOG_COMPILER_APPICON_NAME = AppIcon;
				CODE_SIGN_ENTITLEMENTS = "Twitch Menu/Twitch_Menu.entitlements";
				CODE_SIGN_IDENTITY = "Developer ID Application";
				CODE_SIGN_STYLE = Manual;
				COMBINE_HIDPI_IMAGES = YES;
				DEVELOPMENT_TEAM = RVZKP45394;
				INFOPLIST_FILE = "Twitch Menu/Info.plist";
				LD_RUNPATH_SEARCH_PATHS = "$(inherited) @executable_path/../Frameworks";
				PRODUCT_BUNDLE_IDENTIFIER = "com.dangercove.Twitch-Menu";
				PRODUCT_NAME = "$(TARGET_NAME)";
				PROVISIONING_PROFILE_SPECIFIER = "";
				SWIFT_VERSION = 4.0;
			};
			name = Debug;
		};
		B5F0017C2016201B005E3D9E /* Release */ = {
			isa = XCBuildConfiguration;
			buildSettings = {
				ASSETCATALOG_COMPILER_APPICON_NAME = AppIcon;
				CODE_SIGN_ENTITLEMENTS = "Twitch Menu/Twitch_Menu.entitlements";
				CODE_SIGN_IDENTITY = "Developer ID Application";
				CODE_SIGN_STYLE = Manual;
				COMBINE_HIDPI_IMAGES = YES;
				DEVELOPMENT_TEAM = RVZKP45394;
				INFOPLIST_FILE = "Twitch Menu/Info.plist";
				LD_RUNPATH_SEARCH_PATHS = "$(inherited) @executable_path/../Frameworks";
				PRODUCT_BUNDLE_IDENTIFIER = "com.dangercove.Twitch-Menu";
				PRODUCT_NAME = "$(TARGET_NAME)";
				PROVISIONING_PROFILE_SPECIFIER = "";
				SWIFT_VERSION = 4.0;
			};
			name = Release;
		};
		B5F0017E2016201B005E3D9E /* Debug */ = {
			isa = XCBuildConfiguration;
			buildSettings = {
				ALWAYS_EMBED_SWIFT_STANDARD_LIBRARIES = YES;
				BUNDLE_LOADER = "$(TEST_HOST)";
				CODE_SIGN_STYLE = Automatic;
				COMBINE_HIDPI_IMAGES = YES;
				DEVELOPMENT_TEAM = RVZKP45394;
				INFOPLIST_FILE = "Twitch MenuTests/Info.plist";
				LD_RUNPATH_SEARCH_PATHS = "$(inherited) @executable_path/../Frameworks @loader_path/../Frameworks";
				PRODUCT_BUNDLE_IDENTIFIER = "com.dangercove.Twitch-MenuTests";
				PRODUCT_NAME = "$(TARGET_NAME)";
				SWIFT_VERSION = 4.0;
				TEST_HOST = "$(BUILT_PRODUCTS_DIR)/Twitch Menu.app/Contents/MacOS/Twitch Menu";
			};
			name = Debug;
		};
		B5F0017F2016201B005E3D9E /* Release */ = {
			isa = XCBuildConfiguration;
			buildSettings = {
				ALWAYS_EMBED_SWIFT_STANDARD_LIBRARIES = YES;
				BUNDLE_LOADER = "$(TEST_HOST)";
				CODE_SIGN_STYLE = Automatic;
				COMBINE_HIDPI_IMAGES = YES;
				DEVELOPMENT_TEAM = RVZKP45394;
				INFOPLIST_FILE = "Twitch MenuTests/Info.plist";
				LD_RUNPATH_SEARCH_PATHS = "$(inherited) @executable_path/../Frameworks @loader_path/../Frameworks";
				PRODUCT_BUNDLE_IDENTIFIER = "com.dangercove.Twitch-MenuTests";
				PRODUCT_NAME = "$(TARGET_NAME)";
				SWIFT_VERSION = 4.0;
				TEST_HOST = "$(BUILT_PRODUCTS_DIR)/Twitch Menu.app/Contents/MacOS/Twitch Menu";
			};
			name = Release;
		};
/* End XCBuildConfiguration section */

/* Begin XCConfigurationList section */
		B5F0015C2016201A005E3D9E /* Build configuration list for PBXProject "Twitch Menu" */ = {
			isa = XCConfigurationList;
			buildConfigurations = (
				B5F001782016201B005E3D9E /* Debug */,
				B5F001792016201B005E3D9E /* Release */,
			);
			defaultConfigurationIsVisible = 0;
			defaultConfigurationName = Release;
		};
		B5F0017A2016201B005E3D9E /* Build configuration list for PBXNativeTarget "Twitch Menu" */ = {
			isa = XCConfigurationList;
			buildConfigurations = (
				B5F0017B2016201B005E3D9E /* Debug */,
				B5F0017C2016201B005E3D9E /* Release */,
			);
			defaultConfigurationIsVisible = 0;
			defaultConfigurationName = Release;
		};
		B5F0017D2016201B005E3D9E /* Build configuration list for PBXNativeTarget "Twitch MenuTests" */ = {
			isa = XCConfigurationList;
			buildConfigurations = (
				B5F0017E2016201B005E3D9E /* Debug */,
				B5F0017F2016201B005E3D9E /* Release */,
			);
			defaultConfigurationIsVisible = 0;
			defaultConfigurationName = Release;
		};
/* End XCConfigurationList section */
	};
	rootObject = B5F001592016201A005E3D9E /* Project object */;
}
